// !$*UTF8*$!
{
	archiveVersion = 1;
	classes = {
	};
	objectVersion = 56;
	objects = {

/* Begin PBXBuildFile section */
		9F244BBC2A5C86F800D39301 /* CategoryGridView.swift in Sources */ = {isa = PBXBuildFile; fileRef = 9F244BBB2A5C86F800D39301 /* CategoryGridView.swift */; };
		9F244BBE2A5C889B00D39301 /* SectionView.swift in Sources */ = {isa = PBXBuildFile; fileRef = 9F244BBD2A5C889B00D39301 /* SectionView.swift */; };
		9F244BC02A5C8ADE00D39301 /* TitleView.swift in Sources */ = {isa = PBXBuildFile; fileRef = 9F244BBF2A5C8ADE00D39301 /* TitleView.swift */; };
		9F244BC22A5C8BCF00D39301 /* product.json in Resources */ = {isa = PBXBuildFile; fileRef = 9F244BC12A5C8BCF00D39301 /* product.json */; };
		9F244BC62A5C946500D39301 /* ProductModel.swift in Sources */ = {isa = PBXBuildFile; fileRef = 9F244BC52A5C946500D39301 /* ProductModel.swift */; };
		9F244BC82A5C952F00D39301 /* ProductItemView.swift in Sources */ = {isa = PBXBuildFile; fileRef = 9F244BC72A5C952F00D39301 /* ProductItemView.swift */; };
		9F244BCA2A5C9E7E00D39301 /* ProductDetailView.swift in Sources */ = {isa = PBXBuildFile; fileRef = 9F244BC92A5C9E7E00D39301 /* ProductDetailView.swift */; };
		9F244BCC2A5C9FCB00D39301 /* NavigationBarDetailView.swift in Sources */ = {isa = PBXBuildFile; fileRef = 9F244BCB2A5C9FCB00D39301 /* NavigationBarDetailView.swift */; };
		9F244BCE2A5CA10A00D39301 /* HeaderDetailView.swift in Sources */ = {isa = PBXBuildFile; fileRef = 9F244BCD2A5CA10A00D39301 /* HeaderDetailView.swift */; };
		9F244BD02A5CA1D300D39301 /* TopDetailView.swift in Sources */ = {isa = PBXBuildFile; fileRef = 9F244BCF2A5CA1D300D39301 /* TopDetailView.swift */; };
		9F244BD22A5CA50600D39301 /* CustomShape.swift in Sources */ = {isa = PBXBuildFile; fileRef = 9F244BD12A5CA50600D39301 /* CustomShape.swift */; };
		9F244BD42A5CA6C900D39301 /* RatingsSizesDetailView.swift in Sources */ = {isa = PBXBuildFile; fileRef = 9F244BD32A5CA6C900D39301 /* RatingsSizesDetailView.swift */; };
		9F244BD62A5CB1EC00D39301 /* QuantityFavouriteDetailView.swift in Sources */ = {isa = PBXBuildFile; fileRef = 9F244BD52A5CB1EC00D39301 /* QuantityFavouriteDetailView.swift */; };
		9F244BD82A5CB3B800D39301 /* AddToCartDetailView.swift in Sources */ = {isa = PBXBuildFile; fileRef = 9F244BD72A5CB3B800D39301 /* AddToCartDetailView.swift */; };
		9F244BDA2A5CB89B00D39301 /* Shop.swift in Sources */ = {isa = PBXBuildFile; fileRef = 9F244BD92A5CB89B00D39301 /* Shop.swift */; };
		9F31F58D2A5B52E2004A7ABC /* estee_ver2App.swift in Sources */ = {isa = PBXBuildFile; fileRef = 9F31F58C2A5B52E2004A7ABC /* estee_ver2App.swift */; };
		9F31F58F2A5B52E2004A7ABC /* ContentView.swift in Sources */ = {isa = PBXBuildFile; fileRef = 9F31F58E2A5B52E2004A7ABC /* ContentView.swift */; };
		9F31F5912A5B52E4004A7ABC /* Assets.xcassets in Resources */ = {isa = PBXBuildFile; fileRef = 9F31F5902A5B52E4004A7ABC /* Assets.xcassets */; };
		9F31F5942A5B52E4004A7ABC /* Preview Assets.xcassets in Resources */ = {isa = PBXBuildFile; fileRef = 9F31F5932A5B52E4004A7ABC /* Preview Assets.xcassets */; };
		9F31F59E2A5B539D004A7ABC /* FooterView.swift in Sources */ = {isa = PBXBuildFile; fileRef = 9F31F59D2A5B539D004A7ABC /* FooterView.swift */; };
		9F31F5A02A5B53AB004A7ABC /* NavigationBarView.swift in Sources */ = {isa = PBXBuildFile; fileRef = 9F31F59F2A5B53AB004A7ABC /* NavigationBarView.swift */; };
		9F31F5A22A5B53B4004A7ABC /* LogoView.swift in Sources */ = {isa = PBXBuildFile; fileRef = 9F31F5A12A5B53B4004A7ABC /* LogoView.swift */; };
		9F31F5A92A5B542A004A7ABC /* Constant.swift in Sources */ = {isa = PBXBuildFile; fileRef = 9F31F5A82A5B542A004A7ABC /* Constant.swift */; };
		9F31F5AC2A5B5879004A7ABC /* modelModel.swift in Sources */ = {isa = PBXBuildFile; fileRef = 9F31F5AB2A5B5879004A7ABC /* modelModel.swift */; };
		9F31F5AE2A5B58FE004A7ABC /* CodableBundle.swift in Sources */ = {isa = PBXBuildFile; fileRef = 9F31F5AD2A5B58FE004A7ABC /* CodableBundle.swift */; };
		9F31F5B12A5B5B5B004A7ABC /* FeaturedItemView.swift in Sources */ = {isa = PBXBuildFile; fileRef = 9F31F5B02A5B5B5B004A7ABC /* FeaturedItemView.swift */; };
		9F31F5B22A5B5DF2004A7ABC /* model.json in Resources */ = {isa = PBXBuildFile; fileRef = 9F31F5AA2A5B57DF004A7ABC /* model.json */; };
		9F31F5B42A5B6C3A004A7ABC /* FeaturedTabView.swift in Sources */ = {isa = PBXBuildFile; fileRef = 9F31F5B32A5B6C3A004A7ABC /* FeaturedTabView.swift */; };
		9F31F5B82A5B8B50004A7ABC /* category.json in Resources */ = {isa = PBXBuildFile; fileRef = 9F31F5B72A5B8B50004A7ABC /* category.json */; };
		9F31F5BA2A5B8D5A004A7ABC /* categorymodel.swift in Sources */ = {isa = PBXBuildFile; fileRef = 9F31F5B92A5B8D5A004A7ABC /* categorymodel.swift */; };
		9F31F5BC2A5B8E59004A7ABC /* CategoryItemView.swift in Sources */ = {isa = PBXBuildFile; fileRef = 9F31F5BB2A5B8E59004A7ABC /* CategoryItemView.swift */; };
/* End PBXBuildFile section */

/* Begin PBXFileReference section */
		9F244BBB2A5C86F800D39301 /* CategoryGridView.swift */ = {isa = PBXFileReference; lastKnownFileType = sourcecode.swift; path = CategoryGridView.swift; sourceTree = "<group>"; };
		9F244BBD2A5C889B00D39301 /* SectionView.swift */ = {isa = PBXFileReference; lastKnownFileType = sourcecode.swift; path = SectionView.swift; sourceTree = "<group>"; };
		9F244BBF2A5C8ADE00D39301 /* TitleView.swift */ = {isa = PBXFileReference; lastKnownFileType = sourcecode.swift; path = TitleView.swift; sourceTree = "<group>"; };
		9F244BC12A5C8BCF00D39301 /* product.json */ = {isa = PBXFileReference; lastKnownFileType = text.json; path = product.json; sourceTree = "<group>"; };
		9F244BC52A5C946500D39301 /* ProductModel.swift */ = {isa = PBXFileReference; lastKnownFileType = sourcecode.swift; path = ProductModel.swift; sourceTree = "<group>"; };
		9F244BC72A5C952F00D39301 /* ProductItemView.swift */ = {isa = PBXFileReference; lastKnownFileType = sourcecode.swift; path = ProductItemView.swift; sourceTree = "<group>"; };
		9F244BC92A5C9E7E00D39301 /* ProductDetailView.swift */ = {isa = PBXFileReference; lastKnownFileType = sourcecode.swift; path = ProductDetailView.swift; sourceTree = "<group>"; };
		9F244BCB2A5C9FCB00D39301 /* NavigationBarDetailView.swift */ = {isa = PBXFileReference; lastKnownFileType = sourcecode.swift; path = NavigationBarDetailView.swift; sourceTree = "<group>"; };
		9F244BCD2A5CA10A00D39301 /* HeaderDetailView.swift */ = {isa = PBXFileReference; lastKnownFileType = sourcecode.swift; path = HeaderDetailView.swift; sourceTree = "<group>"; };
		9F244BCF2A5CA1D300D39301 /* TopDetailView.swift */ = {isa = PBXFileReference; lastKnownFileType = sourcecode.swift; path = TopDetailView.swift; sourceTree = "<group>"; };
		9F244BD12A5CA50600D39301 /* CustomShape.swift */ = {isa = PBXFileReference; lastKnownFileType = sourcecode.swift; path = CustomShape.swift; sourceTree = "<group>"; };
		9F244BD32A5CA6C900D39301 /* RatingsSizesDetailView.swift */ = {isa = PBXFileReference; lastKnownFileType = sourcecode.swift; path = RatingsSizesDetailView.swift; sourceTree = "<group>"; };
		9F244BD52A5CB1EC00D39301 /* QuantityFavouriteDetailView.swift */ = {isa = PBXFileReference; lastKnownFileType = sourcecode.swift; path = QuantityFavouriteDetailView.swift; sourceTree = "<group>"; };
		9F244BD72A5CB3B800D39301 /* AddToCartDetailView.swift */ = {isa = PBXFileReference; lastKnownFileType = sourcecode.swift; path = AddToCartDetailView.swift; sourceTree = "<group>"; };
		9F244BD92A5CB89B00D39301 /* Shop.swift */ = {isa = PBXFileReference; lastKnownFileType = sourcecode.swift; path = Shop.swift; sourceTree = "<group>"; };
		9F31F5892A5B52E2004A7ABC /* estee_ver2.app */ = {isa = PBXFileReference; explicitFileType = wrapper.application; includeInIndex = 0; path = estee_ver2.app; sourceTree = BUILT_PRODUCTS_DIR; };
		9F31F58C2A5B52E2004A7ABC /* estee_ver2App.swift */ = {isa = PBXFileReference; lastKnownFileType = sourcecode.swift; path = estee_ver2App.swift; sourceTree = "<group>"; };
		9F31F58E2A5B52E2004A7ABC /* ContentView.swift */ = {isa = PBXFileReference; lastKnownFileType = sourcecode.swift; path = ContentView.swift; sourceTree = "<group>"; };
		9F31F5902A5B52E4004A7ABC /* Assets.xcassets */ = {isa = PBXFileReference; lastKnownFileType = folder.assetcatalog; path = Assets.xcassets; sourceTree = "<group>"; };
		9F31F5932A5B52E4004A7ABC /* Preview Assets.xcassets */ = {isa = PBXFileReference; lastKnownFileType = folder.assetcatalog; path = "Preview Assets.xcassets"; sourceTree = "<group>"; };
		9F31F59D2A5B539D004A7ABC /* FooterView.swift */ = {isa = PBXFileReference; lastKnownFileType = sourcecode.swift; path = FooterView.swift; sourceTree = "<group>"; };
		9F31F59F2A5B53AB004A7ABC /* NavigationBarView.swift */ = {isa = PBXFileReference; lastKnownFileType = sourcecode.swift; path = NavigationBarView.swift; sourceTree = "<group>"; };
		9F31F5A12A5B53B4004A7ABC /* LogoView.swift */ = {isa = PBXFileReference; lastKnownFileType = sourcecode.swift; path = LogoView.swift; sourceTree = "<group>"; };
		9F31F5A82A5B542A004A7ABC /* Constant.swift */ = {isa = PBXFileReference; lastKnownFileType = sourcecode.swift; path = Constant.swift; sourceTree = "<group>"; };
		9F31F5AA2A5B57DF004A7ABC /* model.json */ = {isa = PBXFileReference; lastKnownFileType = text.json; path = model.json; sourceTree = "<group>"; };
		9F31F5AB2A5B5879004A7ABC /* modelModel.swift */ = {isa = PBXFileReference; lastKnownFileType = sourcecode.swift; path = modelModel.swift; sourceTree = "<group>"; };
		9F31F5AD2A5B58FE004A7ABC /* CodableBundle.swift */ = {isa = PBXFileReference; lastKnownFileType = sourcecode.swift; path = CodableBundle.swift; sourceTree = "<group>"; };
		9F31F5B02A5B5B5B004A7ABC /* FeaturedItemView.swift */ = {isa = PBXFileReference; lastKnownFileType = sourcecode.swift; path = FeaturedItemView.swift; sourceTree = "<group>"; };
		9F31F5B32A5B6C3A004A7ABC /* FeaturedTabView.swift */ = {isa = PBXFileReference; lastKnownFileType = sourcecode.swift; path = FeaturedTabView.swift; sourceTree = "<group>"; };
		9F31F5B72A5B8B50004A7ABC /* category.json */ = {isa = PBXFileReference; lastKnownFileType = text.json; path = category.json; sourceTree = "<group>"; };
		9F31F5B92A5B8D5A004A7ABC /* categorymodel.swift */ = {isa = PBXFileReference; lastKnownFileType = sourcecode.swift; path = categorymodel.swift; sourceTree = "<group>"; };
		9F31F5BB2A5B8E59004A7ABC /* CategoryItemView.swift */ = {isa = PBXFileReference; lastKnownFileType = sourcecode.swift; path = CategoryItemView.swift; sourceTree = "<group>"; };
/* End PBXFileReference section */

/* Begin PBXFrameworksBuildPhase section */
		9F31F5862A5B52E2004A7ABC /* Frameworks */ = {
			isa = PBXFrameworksBuildPhase;
			buildActionMask = 2147483647;
			files = (
			);
			runOnlyForDeploymentPostprocessing = 0;
		};
/* End PBXFrameworksBuildPhase section */

/* Begin PBXGroup section */
		9F31F5802A5B52E2004A7ABC = {
			isa = PBXGroup;
			children = (
				9F31F58B2A5B52E2004A7ABC /* estee_ver2 */,
				9F31F58A2A5B52E2004A7ABC /* Products */,
			);
			sourceTree = "<group>";
		};
		9F31F58A2A5B52E2004A7ABC /* Products */ = {
			isa = PBXGroup;
			children = (
				9F31F5892A5B52E2004A7ABC /* estee_ver2.app */,
			);
			name = Products;
			sourceTree = "<group>";
		};
		9F31F58B2A5B52E2004A7ABC /* estee_ver2 */ = {
			isa = PBXGroup;
			children = (
				9F31F59A2A5B5346004A7ABC /* App */,
				9F31F59C2A5B5373004A7ABC /* View */,
				9F31F5A42A5B53C8004A7ABC /* Data */,
				9F31F5A52A5B53E5004A7ABC /* Model */,
				9F31F5A62A5B53F8004A7ABC /* Extension */,
				9F31F5A72A5B53FF004A7ABC /* Utility */,
				9F31F5902A5B52E4004A7ABC /* Assets.xcassets */,
				9F31F5922A5B52E4004A7ABC /* Preview Content */,
			);
			path = estee_ver2;
			sourceTree = "<group>";
		};
		9F31F5922A5B52E4004A7ABC /* Preview Content */ = {
			isa = PBXGroup;
			children = (
				9F31F5932A5B52E4004A7ABC /* Preview Assets.xcassets */,
			);
			path = "Preview Content";
			sourceTree = "<group>";
		};
		9F31F59A2A5B5346004A7ABC /* App */ = {
			isa = PBXGroup;
			children = (
				9F31F58C2A5B52E2004A7ABC /* estee_ver2App.swift */,
				9F31F58E2A5B52E2004A7ABC /* ContentView.swift */,
				9F244BC92A5C9E7E00D39301 /* ProductDetailView.swift */,
			);
			path = App;
			sourceTree = "<group>";
		};
		9F31F59C2A5B5373004A7ABC /* View */ = {
			isa = PBXGroup;
			children = (
				9F31F5AF2A5B5B3B004A7ABC /* Home */,
				9F31F5A32A5B53BB004A7ABC /* Details */,
			);
			path = View;
			sourceTree = "<group>";
		};
		9F31F5A32A5B53BB004A7ABC /* Details */ = {
			isa = PBXGroup;
			children = (
				9F244BCB2A5C9FCB00D39301 /* NavigationBarDetailView.swift */,
				9F244BCD2A5CA10A00D39301 /* HeaderDetailView.swift */,
				9F244BCF2A5CA1D300D39301 /* TopDetailView.swift */,
				9F244BD32A5CA6C900D39301 /* RatingsSizesDetailView.swift */,
				9F244BD52A5CB1EC00D39301 /* QuantityFavouriteDetailView.swift */,
				9F244BD72A5CB3B800D39301 /* AddToCartDetailView.swift */,
			);
			path = Details;
			sourceTree = "<group>";
		};
		9F31F5A42A5B53C8004A7ABC /* Data */ = {
			isa = PBXGroup;
			children = (
				9F31F5AA2A5B57DF004A7ABC /* model.json */,
				9F31F5B72A5B8B50004A7ABC /* category.json */,
				9F244BC12A5C8BCF00D39301 /* product.json */,
			);
			path = Data;
			sourceTree = "<group>";
		};
		9F31F5A52A5B53E5004A7ABC /* Model */ = {
			isa = PBXGroup;
			children = (
				9F31F5AB2A5B5879004A7ABC /* modelModel.swift */,
				9F31F5B92A5B8D5A004A7ABC /* categorymodel.swift */,
				9F244BC52A5C946500D39301 /* ProductModel.swift */,
			);
			path = Model;
			sourceTree = "<group>";
		};
		9F31F5A62A5B53F8004A7ABC /* Extension */ = {
			isa = PBXGroup;
			children = (
				9F31F5AD2A5B58FE004A7ABC /* CodableBundle.swift */,
			);
			path = Extension;
			sourceTree = "<group>";
		};
		9F31F5A72A5B53FF004A7ABC /* Utility */ = {
			isa = PBXGroup;
			children = (
				9F31F5A82A5B542A004A7ABC /* Constant.swift */,
				9F244BD12A5CA50600D39301 /* CustomShape.swift */,
				9F244BD92A5CB89B00D39301 /* Shop.swift */,
			);
			path = Utility;
			sourceTree = "<group>";
		};
		9F31F5AF2A5B5B3B004A7ABC /* Home */ = {
			isa = PBXGroup;
			children = (
				9F31F59D2A5B539D004A7ABC /* FooterView.swift */,
				9F31F59F2A5B53AB004A7ABC /* NavigationBarView.swift */,
				9F31F5A12A5B53B4004A7ABC /* LogoView.swift */,
				9F31F5B02A5B5B5B004A7ABC /* FeaturedItemView.swift */,
				9F31F5B32A5B6C3A004A7ABC /* FeaturedTabView.swift */,
				9F31F5BB2A5B8E59004A7ABC /* CategoryItemView.swift */,
				9F244BBB2A5C86F800D39301 /* CategoryGridView.swift */,
				9F244BBD2A5C889B00D39301 /* SectionView.swift */,
				9F244BBF2A5C8ADE00D39301 /* TitleView.swift */,
				9F244BC72A5C952F00D39301 /* ProductItemView.swift */,
			);
			path = Home;
			sourceTree = "<group>";
		};
/* End PBXGroup section */

/* Begin PBXNativeTarget section */
		9F31F5882A5B52E2004A7ABC /* estee_ver2 */ = {
			isa = PBXNativeTarget;
			buildConfigurationList = 9F31F5972A5B52E4004A7ABC /* Build configuration list for PBXNativeTarget "estee_ver2" */;
			buildPhases = (
				9F31F5852A5B52E2004A7ABC /* Sources */,
				9F31F5862A5B52E2004A7ABC /* Frameworks */,
				9F31F5872A5B52E2004A7ABC /* Resources */,
			);
			buildRules = (
			);
			dependencies = (
			);
			name = estee_ver2;
			productName = estee_ver2;
			productReference = 9F31F5892A5B52E2004A7ABC /* estee_ver2.app */;
			productType = "com.apple.product-type.application";
		};
/* End PBXNativeTarget section */

/* Begin PBXProject section */
		9F31F5812A5B52E2004A7ABC /* Project object */ = {
			isa = PBXProject;
			attributes = {
				BuildIndependentTargetsInParallel = 1;
				LastSwiftUpdateCheck = 1430;
				LastUpgradeCheck = 1430;
				TargetAttributes = {
					9F31F5882A5B52E2004A7ABC = {
						CreatedOnToolsVersion = 14.3.1;
					};
				};
			};
			buildConfigurationList = 9F31F5842A5B52E2004A7ABC /* Build configuration list for PBXProject "estee_ver2" */;
			compatibilityVersion = "Xcode 14.0";
			developmentRegion = en;
			hasScannedForEncodings = 0;
			knownRegions = (
				en,
				Base,
			);
			mainGroup = 9F31F5802A5B52E2004A7ABC;
			productRefGroup = 9F31F58A2A5B52E2004A7ABC /* Products */;
			projectDirPath = "";
			projectRoot = "";
			targets = (
				9F31F5882A5B52E2004A7ABC /* estee_ver2 */,
			);
		};
/* End PBXProject section */

/* Begin PBXResourcesBuildPhase section */
		9F31F5872A5B52E2004A7ABC /* Resources */ = {
			isa = PBXResourcesBuildPhase;
			buildActionMask = 2147483647;
			files = (
				9F31F5B22A5B5DF2004A7ABC /* model.json in Resources */,
				9F31F5942A5B52E4004A7ABC /* Preview Assets.xcassets in Resources */,
				9F31F5B82A5B8B50004A7ABC /* category.json in Resources */,
				9F31F5912A5B52E4004A7ABC /* Assets.xcassets in Resources */,
				9F244BC22A5C8BCF00D39301 /* product.json in Resources */,
			);
			runOnlyForDeploymentPostprocessing = 0;
		};
/* End PBXResourcesBuildPhase section */

/* Begin PBXSourcesBuildPhase section */
		9F31F5852A5B52E2004A7ABC /* Sources */ = {
			isa = PBXSourcesBuildPhase;
			buildActionMask = 2147483647;
			files = (
				9F244BCE2A5CA10A00D39301 /* HeaderDetailView.swift in Sources */,
				9F31F5A22A5B53B4004A7ABC /* LogoView.swift in Sources */,
				9F31F59E2A5B539D004A7ABC /* FooterView.swift in Sources */,
				9F31F5BA2A5B8D5A004A7ABC /* categorymodel.swift in Sources */,
				9F31F5AE2A5B58FE004A7ABC /* CodableBundle.swift in Sources */,
				9F31F58F2A5B52E2004A7ABC /* ContentView.swift in Sources */,
				9F244BC82A5C952F00D39301 /* ProductItemView.swift in Sources */,
				9F244BCC2A5C9FCB00D39301 /* NavigationBarDetailView.swift in Sources */,
				9F31F5B12A5B5B5B004A7ABC /* FeaturedItemView.swift in Sources */,
				9F244BD02A5CA1D300D39301 /* TopDetailView.swift in Sources */,
				9F244BD62A5CB1EC00D39301 /* QuantityFavouriteDetailView.swift in Sources */,
				9F244BD22A5CA50600D39301 /* CustomShape.swift in Sources */,
				9F244BD42A5CA6C900D39301 /* RatingsSizesDetailView.swift in Sources */,
				9F244BD82A5CB3B800D39301 /* AddToCartDetailView.swift in Sources */,
				9F31F5A02A5B53AB004A7ABC /* NavigationBarView.swift in Sources */,
				9F244BBC2A5C86F800D39301 /* CategoryGridView.swift in Sources */,
				9F31F58D2A5B52E2004A7ABC /* estee_ver2App.swift in Sources */,
				9F31F5AC2A5B5879004A7ABC /* modelModel.swift in Sources */,
				9F244BBE2A5C889B00D39301 /* SectionView.swift in Sources */,
				9F31F5BC2A5B8E59004A7ABC /* CategoryItemView.swift in Sources */,
				9F31F5B42A5B6C3A004A7ABC /* FeaturedTabView.swift in Sources */,
				9F244BDA2A5CB89B00D39301 /* Shop.swift in Sources */,
				9F31F5A92A5B542A004A7ABC /* Constant.swift in Sources */,
				9F244BC02A5C8ADE00D39301 /* TitleView.swift in Sources */,
				9F244BC62A5C946500D39301 /* ProductModel.swift in Sources */,
				9F244BCA2A5C9E7E00D39301 /* ProductDetailView.swift in Sources */,
			);
			runOnlyForDeploymentPostprocessing = 0;
		};
/* End PBXSourcesBuildPhase section */

/* Begin XCBuildConfiguration section */
		9F31F5952A5B52E4004A7ABC /* Debug */ = {
			isa = XCBuildConfiguration;
			buildSettings = {
				ALWAYS_SEARCH_USER_PATHS = NO;
				CLANG_ANALYZER_NONNULL = YES;
				CLANG_ANALYZER_NUMBER_OBJECT_CONVERSION = YES_AGGRESSIVE;
				CLANG_CXX_LANGUAGE_STANDARD = "gnu++20";
				CLANG_ENABLE_MODULES = YES;
				CLANG_ENABLE_OBJC_ARC = YES;
				CLANG_ENABLE_OBJC_WEAK = YES;
				CLANG_WARN_BLOCK_CAPTURE_AUTORELEASING = YES;
				CLANG_WARN_BOOL_CONVERSION = YES;
				CLANG_WARN_COMMA = YES;
				CLANG_WARN_CONSTANT_CONVERSION = YES;
				CLANG_WARN_DEPRECATED_OBJC_IMPLEMENTATIONS = YES;
				CLANG_WARN_DIRECT_OBJC_ISA_USAGE = YES_ERROR;
				CLANG_WARN_DOCUMENTATION_COMMENTS = YES;
				CLANG_WARN_EMPTY_BODY = YES;
				CLANG_WARN_ENUM_CONVERSION = YES;
				CLANG_WARN_INFINITE_RECURSION = YES;
				CLANG_WARN_INT_CONVERSION = YES;
				CLANG_WARN_NON_LITERAL_NULL_CONVERSION = YES;
				CLANG_WARN_OBJC_IMPLICIT_RETAIN_SELF = YES;
				CLANG_WARN_OBJC_LITERAL_CONVERSION = YES;
				CLANG_WARN_OBJC_ROOT_CLASS = YES_ERROR;
				CLANG_WARN_QUOTED_INCLUDE_IN_FRAMEWORK_HEADER = YES;
				CLANG_WARN_RANGE_LOOP_ANALYSIS = YES;
				CLANG_WARN_STRICT_PROTOTYPES = YES;
				CLANG_WARN_SUSPICIOUS_MOVE = YES;
				CLANG_WARN_UNGUARDED_AVAILABILITY = YES_AGGRESSIVE;
				CLANG_WARN_UNREACHABLE_CODE = YES;
				CLANG_WARN__DUPLICATE_METHOD_MATCH = YES;
				COPY_PHASE_STRIP = NO;
				DEBUG_INFORMATION_FORMAT = dwarf;
				ENABLE_STRICT_OBJC_MSGSEND = YES;
				ENABLE_TESTABILITY = YES;
				GCC_C_LANGUAGE_STANDARD = gnu11;
				GCC_DYNAMIC_NO_PIC = NO;
				GCC_NO_COMMON_BLOCKS = YES;
				GCC_OPTIMIZATION_LEVEL = 0;
				GCC_PREPROCESSOR_DEFINITIONS = (
					"DEBUG=1",
					"$(inherited)",
				);
				GCC_WARN_64_TO_32_BIT_CONVERSION = YES;
				GCC_WARN_ABOUT_RETURN_TYPE = YES_ERROR;
				GCC_WARN_UNDECLARED_SELECTOR = YES;
				GCC_WARN_UNINITIALIZED_AUTOS = YES_AGGRESSIVE;
				GCC_WARN_UNUSED_FUNCTION = YES;
				GCC_WARN_UNUSED_VARIABLE = YES;
				IPHONEOS_DEPLOYMENT_TARGET = 16.4;
				MTL_ENABLE_DEBUG_INFO = INCLUDE_SOURCE;
				MTL_FAST_MATH = YES;
				ONLY_ACTIVE_ARCH = YES;
				SDKROOT = iphoneos;
				SWIFT_ACTIVE_COMPILATION_CONDITIONS = DEBUG;
				SWIFT_OPTIMIZATION_LEVEL = "-Onone";
			};
			name = Debug;
		};
		9F31F5962A5B52E4004A7ABC /* Release */ = {
			isa = XCBuildConfiguration;
			buildSettings = {
				ALWAYS_SEARCH_USER_PATHS = NO;
				CLANG_ANALYZER_NONNULL = YES;
				CLANG_ANALYZER_NUMBER_OBJECT_CONVERSION = YES_AGGRESSIVE;
				CLANG_CXX_LANGUAGE_STANDARD = "gnu++20";
				CLANG_ENABLE_MODULES = YES;
				CLANG_ENABLE_OBJC_ARC = YES;
				CLANG_ENABLE_OBJC_WEAK = YES;
				CLANG_WARN_BLOCK_CAPTURE_AUTORELEASING = YES;
				CLANG_WARN_BOOL_CONVERSION = YES;
				CLANG_WARN_COMMA = YES;
				CLANG_WARN_CONSTANT_CONVERSION = YES;
				CLANG_WARN_DEPRECATED_OBJC_IMPLEMENTATIONS = YES;
				CLANG_WARN_DIRECT_OBJC_ISA_USAGE = YES_ERROR;
				CLANG_WARN_DOCUMENTATION_COMMENTS = YES;
				CLANG_WARN_EMPTY_BODY = YES;
				CLANG_WARN_ENUM_CONVERSION = YES;
				CLANG_WARN_INFINITE_RECURSION = YES;
				CLANG_WARN_INT_CONVERSION = YES;
				CLANG_WARN_NON_LITERAL_NULL_CONVERSION = YES;
				CLANG_WARN_OBJC_IMPLICIT_RETAIN_SELF = YES;
				CLANG_WARN_OBJC_LITERAL_CONVERSION = YES;
				CLANG_WARN_OBJC_ROOT_CLASS = YES_ERROR;
				CLANG_WARN_QUOTED_INCLUDE_IN_FRAMEWORK_HEADER = YES;
				CLANG_WARN_RANGE_LOOP_ANALYSIS = YES;
				CLANG_WARN_STRICT_PROTOTYPES = YES;
				CLANG_WARN_SUSPICIOUS_MOVE = YES;
				CLANG_WARN_UNGUARDED_AVAILABILITY = YES_AGGRESSIVE;
				CLANG_WARN_UNREACHABLE_CODE = YES;
				CLANG_WARN__DUPLICATE_METHOD_MATCH = YES;
				COPY_PHASE_STRIP = NO;
				DEBUG_INFORMATION_FORMAT = "dwarf-with-dsym";
				ENABLE_NS_ASSERTIONS = NO;
				ENABLE_STRICT_OBJC_MSGSEND = YES;
				GCC_C_LANGUAGE_STANDARD = gnu11;
				GCC_NO_COMMON_BLOCKS = YES;
				GCC_WARN_64_TO_32_BIT_CONVERSION = YES;
				GCC_WARN_ABOUT_RETURN_TYPE = YES_ERROR;
				GCC_WARN_UNDECLARED_SELECTOR = YES;
				GCC_WARN_UNINITIALIZED_AUTOS = YES_AGGRESSIVE;
				GCC_WARN_UNUSED_FUNCTION = YES;
				GCC_WARN_UNUSED_VARIABLE = YES;
				IPHONEOS_DEPLOYMENT_TARGET = 16.4;
				MTL_ENABLE_DEBUG_INFO = NO;
				MTL_FAST_MATH = YES;
				SDKROOT = iphoneos;
				SWIFT_COMPILATION_MODE = wholemodule;
				SWIFT_OPTIMIZATION_LEVEL = "-O";
				VALIDATE_PRODUCT = YES;
			};
			name = Release;
		};
		9F31F5982A5B52E4004A7ABC /* Debug */ = {
			isa = XCBuildConfiguration;
			buildSettings = {
				ASSETCATALOG_COMPILER_APPICON_NAME = AppIcon;
				ASSETCATALOG_COMPILER_GLOBAL_ACCENT_COLOR_NAME = AccentColor;
				CODE_SIGN_STYLE = Automatic;
				CURRENT_PROJECT_VERSION = 1;
				DEVELOPMENT_ASSET_PATHS = "\"estee_ver2/Preview Content\"";
				ENABLE_PREVIEWS = YES;
				GENERATE_INFOPLIST_FILE = YES;
				INFOPLIST_KEY_UIApplicationSceneManifest_Generation = YES;
				INFOPLIST_KEY_UIApplicationSupportsIndirectInputEvents = YES;
				INFOPLIST_KEY_UILaunchScreen_Generation = YES;
				INFOPLIST_KEY_UISupportedInterfaceOrientations_iPad = "UIInterfaceOrientationPortrait UIInterfaceOrientationPortraitUpsideDown UIInterfaceOrientationLandscapeLeft UIInterfaceOrientationLandscapeRight";
				INFOPLIST_KEY_UISupportedInterfaceOrientations_iPhone = "UIInterfaceOrientationPortrait UIInterfaceOrientationLandscapeLeft UIInterfaceOrientationLandscapeRight";
				LD_RUNPATH_SEARCH_PATHS = (
					"$(inherited)",
					"@executable_path/Frameworks",
				);
				MARKETING_VERSION = 1.0;
				PRODUCT_BUNDLE_IDENTIFIER = "kwk.estee-ver2";
				PRODUCT_NAME = "$(TARGET_NAME)";
				SWIFT_EMIT_LOC_STRINGS = YES;
				SWIFT_VERSION = 5.0;
				TARGETED_DEVICE_FAMILY = "1,2";
			};
			name = Debug;
		};
		9F31F5992A5B52E4004A7ABC /* Release */ = {
			isa = XCBuildConfiguration;
			buildSettings = {
				ASSETCATALOG_COMPILER_APPICON_NAME = AppIcon;
				ASSETCATALOG_COMPILER_GLOBAL_ACCENT_COLOR_NAME = AccentColor;
				CODE_SIGN_STYLE = Automatic;
				CURRENT_PROJECT_VERSION = 1;
				DEVELOPMENT_ASSET_PATHS = "\"estee_ver2/Preview Content\"";
				ENABLE_PREVIEWS = YES;
				GENERATE_INFOPLIST_FILE = YES;
				INFOPLIST_KEY_UIApplicationSceneManifest_Generation = YES;
				INFOPLIST_KEY_UIApplicationSupportsIndirectInputEvents = YES;
				INFOPLIST_KEY_UILaunchScreen_Generation = YES;
				INFOPLIST_KEY_UISupportedInterfaceOrientations_iPad = "UIInterfaceOrientationPortrait UIInterfaceOrientationPortraitUpsideDown UIInterfaceOrientationLandscapeLeft UIInterfaceOrientationLandscapeRight";
				INFOPLIST_KEY_UISupportedInterfaceOrientations_iPhone = "UIInterfaceOrientationPortrait UIInterfaceOrientationLandscapeLeft UIInterfaceOrientationLandscapeRight";
				LD_RUNPATH_SEARCH_PATHS = (
					"$(inherited)",
					"@executable_path/Frameworks",
				);
				MARKETING_VERSION = 1.0;
				PRODUCT_BUNDLE_IDENTIFIER = "kwk.estee-ver2";
				PRODUCT_NAME = "$(TARGET_NAME)";
				SWIFT_EMIT_LOC_STRINGS = YES;
				SWIFT_VERSION = 5.0;
				TARGETED_DEVICE_FAMILY = "1,2";
			};
			name = Release;
		};
/* End XCBuildConfiguration section */

/* Begin XCConfigurationList section */
		9F31F5842A5B52E2004A7ABC /* Build configuration list for PBXProject "estee_ver2" */ = {
			isa = XCConfigurationList;
			buildConfigurations = (
				9F31F5952A5B52E4004A7ABC /* Debug */,
				9F31F5962A5B52E4004A7ABC /* Release */,
			);
			defaultConfigurationIsVisible = 0;
			defaultConfigurationName = Release;
		};
		9F31F5972A5B52E4004A7ABC /* Build configuration list for PBXNativeTarget "estee_ver2" */ = {
			isa = XCConfigurationList;
			buildConfigurations = (
				9F31F5982A5B52E4004A7ABC /* Debug */,
				9F31F5992A5B52E4004A7ABC /* Release */,
			);
			defaultConfigurationIsVisible = 0;
			defaultConfigurationName = Release;
		};
/* End XCConfigurationList section */
	};
	rootObject = 9F31F5812A5B52E2004A7ABC /* Project object */;
}
